{
  "name": "samsara-example-document-cleanup",
  "lockfileVersion": 3,
  "requires": true,
  "packages": {
    "": {
      "name": "samsara-example-document-cleanup",
      "dependencies": {
        "@samsara/shim": "file:../../shim/typescript"
      }
    },
    "../../shim/typescript": {
      "name": "@samsara/shim",
      "version": "0.1.0",
      "license": "MIT",
      "devDependencies": {
        "@types/node": "^20.0.0",
        "typescript": "^5.4.0"
      }
    },
    "node_modules/@samsara/shim": {
      "resolved": "../../shim/typescript",
      "link": true
    }
  }
}
